
Microsoft Visual Studio Solution File, Format Version 12.00
# Visual Studio 15
VisualStudioVersion = 15.0.28307.489
MinimumVisualStudioVersion = 10.0.40219.1
Project("{FAE04EC0-301F-11D3-BF4B-00C04F79EFBC}") = "EvoPhone.Model", "evoPhone.biz\EvoPhone.Model.csproj", "{B8AD6827-698B-44C7-8A7B-BCB2EBC48C52}"
EndProject
Project("{FAE04EC0-301F-11D3-BF4B-00C04F79EFBC}") = "EvoPhone.GUI", "evoPhone.GUI\EvoPhone.GUI.csproj", "{5C0C04A3-7F80-4085-AE05-FD808A246367}"
EndProject
Project("{FAE04EC0-301F-11D3-BF4B-00C04F79EFBC}") = "EvoPhone.Common", "EvoPhone.Common\EvoPhone.Common.csproj", "{9F073E59-C5B9-4D30-9D04-0DAE465B2E33}"
EndProject
Project("{FAE04EC0-301F-11D3-BF4B-00C04F79EFBC}") = "EvoPhone.ModelTests", "EvoPhone.ModelTests\EvoPhone.ModelTests.csproj", "{F8968255-1BE6-4056-88ED-00A825E7BFB6}"
EndProject
Project("{FAE04EC0-301F-11D3-BF4B-00C04F79EFBC}") = "EvoPhone.CommonTests", "EvoPhone.CommonTests\EvoPhone.CommonTests.csproj", "{91F35569-9E33-4A10-B647-35FCA35323D6}"
EndProject
Global
	GlobalSection(SolutionConfigurationPlatforms) = preSolution
		Debug|Any CPU = Debug|Any CPU
		Release|Any CPU = Release|Any CPU
	EndGlobalSection
	GlobalSection(ProjectConfigurationPlatforms) = postSolution
		{B8AD6827-698B-44C7-8A7B-BCB2EBC48C52}.Debug|Any CPU.ActiveCfg = Debug|Any CPU
		{B8AD6827-698B-44C7-8A7B-BCB2EBC48C52}.Debug|Any CPU.Build.0 = Debug|Any CPU
		{B8AD6827-698B-44C7-8A7B-BCB2EBC48C52}.Release|Any CPU.ActiveCfg = Release|Any CPU
		{B8AD6827-698B-44C7-8A7B-BCB2EBC48C52}.Release|Any CPU.Build.0 = Release|Any CPU
		{5C0C04A3-7F80-4085-AE05-FD808A246367}.Debug|Any CPU.ActiveCfg = Debug|Any CPU
		{5C0C04A3-7F80-4085-AE05-FD808A246367}.Debug|Any CPU.Build.0 = Debug|Any CPU
		{5C0C04A3-7F80-4085-AE05-FD808A246367}.Release|Any CPU.ActiveCfg = Release|Any CPU
		{5C0C04A3-7F80-4085-AE05-FD808A246367}.Release|Any CPU.Build.0 = Release|Any CPU
		{9F073E59-C5B9-4D30-9D04-0DAE465B2E33}.Debug|Any CPU.ActiveCfg = Debug|Any CPU
		{9F073E59-C5B9-4D30-9D04-0DAE465B2E33}.Debug|Any CPU.Build.0 = Debug|Any CPU
		{9F073E59-C5B9-4D30-9D04-0DAE465B2E33}.Release|Any CPU.ActiveCfg = Release|Any CPU
		{9F073E59-C5B9-4D30-9D04-0DAE465B2E33}.Release|Any CPU.Build.0 = Release|Any CPU
		{F8968255-1BE6-4056-88ED-00A825E7BFB6}.Debug|Any CPU.ActiveCfg = Debug|Any CPU
		{F8968255-1BE6-4056-88ED-00A825E7BFB6}.Debug|Any CPU.Build.0 = Debug|Any CPU
		{F8968255-1BE6-4056-88ED-00A825E7BFB6}.Release|Any CPU.ActiveCfg = Release|Any CPU
		{F8968255-1BE6-4056-88ED-00A825E7BFB6}.Release|Any CPU.Build.0 = Release|Any CPU
		{91F35569-9E33-4A10-B647-35FCA35323D6}.Debug|Any CPU.ActiveCfg = Debug|Any CPU
		{91F35569-9E33-4A10-B647-35FCA35323D6}.Debug|Any CPU.Build.0 = Debug|Any CPU
		{91F35569-9E33-4A10-B647-35FCA35323D6}.Release|Any CPU.ActiveCfg = Release|Any CPU
		{91F35569-9E33-4A10-B647-35FCA35323D6}.Release|Any CPU.Build.0 = Release|Any CPU
	EndGlobalSection
	GlobalSection(SolutionProperties) = preSolution
		HideSolutionNode = FALSE
	EndGlobalSection
	GlobalSection(ExtensibilityGlobals) = postSolution
		SolutionGuid = {D0668786-E6D9-4331-ABE8-CD1D764210DC}
	EndGlobalSection
EndGlobal
